{
  "schema_version": 2,
  "cargo_lock_sha256": "dda29fb079fc493d0eabb0fa39dfb6ce39cf52cde7cc0528929a7cfdf7fba36e",
  "manifest_sha256": {
    "Cargo.toml": "3a2887f9f3cd66dce418b02b4750c38167413adf3cbea26ad4f15133d5b1a61f"
  },
  "target_resolves": {
    "base": {
      "aho-corasick-1.1.4": {
        "runtime_dependencies": [
          {
            "name": "memchr",
            "package_key": "memchr-2.8.3",
            "kind": "normal",
            "features": [],
            "uses_default_features": false,
            "optional": true,
            "target": null,
            "tree": "target"
          }
        ],
        "build_dependencies": [],
        "features": [
          "perf-literal",
          "std"
        ]
      },
      "equivalent-1.0.2": {
        "runtime_dependencies": [],
        "build_dependencies": [],
        "features": []
      },
      "hashbrown-0.17.1": {
        "runtime_dependencies": [],
        "build_dependencies": [],
        "features": []
      },
      "indexmap-2.14.0": {
        "runtime_dependencies": [
          {
            "name": "equivalent",
            "package_key": "equivalent-1.0.2",
            "kind": "normal",
            "features": [],
            "uses_default_features": false,
            "optional": false,
            "target": null,
            "tree": "target"
          },
          {
            "name": "hashbrown",
            "package_key": "hashbrown-0.17.1",
            "kind": "normal",
            "features": [],
            "uses_default_features": false,
            "optional": false,
            "target": null,
            "tree": "target"
          },
          {
            "name": "serde_core",
            "package_key": "serde_core-1.0.229",
            "kind": "normal",
            "features": [],
            "uses_default_features": false,
            "optional": true,
            "target": null,
            "tree": "target"
          }
        ],
        "build_dependencies": [],
        "features": [
          "default",
          "serde",
          "std"
        ]
      },
      "itoa-1.0.18": {
        "runtime_dependencies": [],
        "build_dependencies": [],
        "features": []
      },
      "lava-arch-0.2.0-ecb9dedf799c5b9450d0224f7cc0f82ba28275da": {
        "runtime_dependencies": [
          {
            "name": "indexmap",
            "package_key": "indexmap-2.14.0",
            "kind": "normal",
            "features": [
              "serde"
            ],
            "uses_default_features": true,
            "optional": false,
            "target": null,
            "tree": "target"
          },
          {
            "name": "lava_core",
            "package_key": "lava-core-0.2.1-ec464eae579d3190a25360c8fc38df9c1664647c",
            "kind": "normal",
            "features": [],
            "uses_default_features": true,
            "optional": false,
            "target": null,
            "tree": "target"
          },
          {
            "name": "serde",
            "package_key": "serde-1.0.229",
            "kind": "normal",
            "features": [
              "derive"
            ],
            "uses_default_features": true,
            "optional": false,
            "target": null,
            "tree": "target"
          },
          {
            "name": "serde_json",
            "package_key": "serde_json-1.0.151",
            "kind": "normal",
            "features": [],
            "uses_default_features": true,
            "optional": false,
            "target": null,
            "tree": "target"
          },
          {
            "name": "thiserror",
            "package_key": "thiserror-2.0.19",
            "kind": "normal",
            "features": [],
            "uses_default_features": true,
            "optional": false,
            "target": null,
            "tree": "target"
          }
        ],
        "build_dependencies": [],
        "features": []
      },
      "lava-architectures-0.2.0": {
        "runtime_dependencies": [
          {
            "name": "indexmap",
            "package_key": "indexmap-2.14.0",
            "kind": "normal",
            "features": [
              "serde"
            ],
            "uses_default_features": true,
            "optional": false,
            "target": null,
            "tree": "target"
          },
          {
            "name": "lava_arch",
            "package_key": "lava-arch-0.2.0-ecb9dedf799c5b9450d0224f7cc0f82ba28275da",
            "kind": "normal",
            "features": [],
            "uses_default_features": true,
            "optional": false,
            "target": null,
            "tree": "target"
          },
          {
            "name": "lava_contracts",
            "package_key": "lava-contracts-0.2.0-30aa367d54863fc7277a0a5563fccebc2cdae440",
            "kind": "normal",
            "features": [],
            "uses_default_features": true,
            "optional": false,
            "target": null,
            "tree": "target"
          },
          {
            "name": "lava_core",
            "package_key": "lava-core-0.2.1-ec464eae579d3190a25360c8fc38df9c1664647c",
            "kind": "normal",
            "features": [],
            "uses_default_features": true,
            "optional": false,
            "target": null,
            "tree": "target"
          },
          {
            "name": "lava_eval",
            "package_key": "lava-eval-0.2.0-daecd5ce974d7a04ba72ef865ba97d838b14aee3",
            "kind": "normal",
            "features": [],
            "uses_default_features": true,
            "optional": false,
            "target": null,
            "tree": "target"
          },
          {
            "name": "lava_schema",
            "package_key": "lava-schema-0.1.7",
            "kind": "normal",
            "features": [],
            "uses_default_features": true,
            "optional": false,
            "target": null,
            "tree": "target"
          },
          {
            "name": "lava_types",
            "package_key": "lava-types-0.1.2",
            "kind": "normal",
            "features": [],
            "uses_default_features": true,
            "optional": false,
            "target": null,
            "tree": "target"
          },
          {
            "name": "serde",
            "package_key": "serde-1.0.229",
            "kind": "normal",
            "features": [
              "derive"
            ],
            "uses_default_features": true,
            "optional": false,
            "target": null,
            "tree": "target"
          },
          {
            "name": "serde_json",
            "package_key": "serde_json-1.0.151",
            "kind": "normal",
            "features": [],
            "uses_default_features": true,
            "optional": false,
            "target": null,
            "tree": "target"
          },
          {
            "name": "thiserror",
            "package_key": "thiserror-2.0.19",
            "kind": "normal",
            "features": [],
            "uses_default_features": true,
            "optional": false,
            "target": null,
            "tree": "target"
          }
        ],
        "build_dependencies": [],
        "features": []
      },
      "lava-contracts-0.2.0-30aa367d54863fc7277a0a5563fccebc2cdae440": {
        "runtime_dependencies": [
          {
            "name": "indexmap",
            "package_key": "indexmap-2.14.0",
            "kind": "normal",
            "features": [
              "serde"
            ],
            "uses_default_features": true,
            "optional": false,
            "target": null,
            "tree": "target"
          },
          {
            "name": "lava_core",
            "package_key": "lava-core-0.2.1-ec464eae579d3190a25360c8fc38df9c1664647c",
            "kind": "normal",
            "features": [],
            "uses_default_features": true,
            "optional": false,
            "target": null,
            "tree": "target"
          },
          {
            "name": "serde",
            "package_key": "serde-1.0.229",
            "kind": "normal",
            "features": [
              "derive"
            ],
            "uses_default_features": true,
            "optional": false,
            "target": null,
            "tree": "target"
          }
        ],
        "build_dependencies": [],
        "features": []
      },
      "lava-core-0.2.1-ec464eae579d3190a25360c8fc38df9c1664647c": {
        "runtime_dependencies": [
          {
            "name": "indexmap",
            "package_key": "indexmap-2.14.0",
            "kind": "normal",
            "features": [
              "serde"
            ],
            "uses_default_features": true,
            "optional": false,
            "target": null,
            "tree": "target"
          },
          {
            "name": "serde",
            "package_key": "serde-1.0.229",
            "kind": "normal",
            "features": [
              "derive"
            ],
            "uses_default_features": true,
            "optional": false,
            "target": null,
            "tree": "target"
          },
          {
            "name": "serde_json",
            "package_key": "serde_json-1.0.151",
            "kind": "normal",
            "features": [
              "preserve_order"
            ],
            "uses_default_features": true,
            "optional": false,
            "target": null,
            "tree": "target"
          },
          {
            "name": "serde_yaml",
            "package_key": "serde_yaml-0.9.34+deprecated",
            "kind": "normal",
            "features": [],
            "uses_default_features": true,
            "optional": false,
            "target": null,
            "tree": "target"
          },
          {
            "name": "thiserror",
            "package_key": "thiserror-2.0.19",
            "kind": "normal",
            "features": [],
            "uses_default_features": true,
            "optional": false,
            "target": null,
            "tree": "target"
          }
        ],
        "build_dependencies": [],
        "features": []
      },
      "lava-eval-0.2.0-daecd5ce974d7a04ba72ef865ba97d838b14aee3": {
        "runtime_dependencies": [
          {
            "name": "indexmap",
            "package_key": "indexmap-2.14.0",
            "kind": "normal",
            "features": [
              "serde"
            ],
            "uses_default_features": true,
            "optional": false,
            "target": null,
            "tree": "target"
          },
          {
            "name": "lava_arch",
            "package_key": "lava-arch-0.2.0-ecb9dedf799c5b9450d0224f7cc0f82ba28275da",
            "kind": "normal",
            "features": [],
            "uses_default_features": true,
            "optional": false,
            "target": null,
            "tree": "target"
          },
          {
            "name": "lava_core",
            "package_key": "lava-core-0.2.1-ec464eae579d3190a25360c8fc38df9c1664647c",
            "kind": "normal",
            "features": [],
            "uses_default_features": true,
            "optional": false,
            "target": null,
            "tree": "target"
          },
          {
            "name": "lava_schema",
            "package_key": "lava-schema-0.1.7",
            "kind": "normal",
            "features": [],
            "uses_default_features": true,
            "optional": false,
            "target": null,
            "tree": "target"
          },
          {
            "name": "lava_types",
            "package_key": "lava-types-0.1.2",
            "kind": "normal",
            "features": [],
            "uses_default_features": true,
            "optional": false,
            "target": null,
            "tree": "target"
          },
          {
            "name": "serde",
            "package_key": "serde-1.0.229",
            "kind": "normal",
            "features": [
              "derive"
            ],
            "uses_default_features": true,
            "optional": false,
            "target": null,
            "tree": "target"
          },
          {
            "name": "serde_json",
            "package_key": "serde_json-1.0.151",
            "kind": "normal",
            "features": [],
            "uses_default_features": true,
            "optional": false,
            "target": null,
            "tree": "target"
          },
          {
            "name": "thiserror",
            "package_key": "thiserror-2.0.19",
            "kind": "normal",
            "features": [],
            "uses_default_features": true,
            "optional": false,
            "target": null,
            "tree": "target"
          }
        ],
        "build_dependencies": [],
        "features": []
      },
      "lava-schema-0.1.7": {
        "runtime_dependencies": [
          {
            "name": "indexmap",
            "package_key": "indexmap-2.14.0",
            "kind": "normal",
            "features": [
              "serde"
            ],
            "uses_default_features": true,
            "optional": false,
            "target": null,
            "tree": "target"
          },
          {
            "name": "lava_types",
            "package_key": "lava-types-0.1.2",
            "kind": "normal",
            "features": [],
            "uses_default_features": true,
            "optional": false,
            "target": null,
            "tree": "target"
          },
          {
            "name": "serde",
            "package_key": "serde-1.0.229",
            "kind": "normal",
            "features": [
              "derive"
            ],
            "uses_default_features": true,
            "optional": false,
            "target": null,
            "tree": "target"
          },
          {
            "name": "thiserror",
            "package_key": "thiserror-2.0.19",
            "kind": "normal",
            "features": [],
            "uses_default_features": true,
            "optional": false,
            "target": null,
            "tree": "target"
          }
        ],
        "build_dependencies": [],
        "features": []
      },
      "lava-test-0.2.0-092297bd5c9d10aff675d0e0f3b37c5934e4988d": {
        "runtime_dependencies": [
          {
            "name": "indexmap",
            "package_key": "indexmap-2.14.0",
            "kind": "normal",
            "features": [
              "serde"
            ],
            "uses_default_features": true,
            "optional": false,
            "target": null,
            "tree": "target"
          },
          {
            "name": "lava_core",
            "package_key": "lava-core-0.2.1-ec464eae579d3190a25360c8fc38df9c1664647c",
            "kind": "normal",
            "features": [],
            "uses_default_features": true,
            "optional": false,
            "target": null,
            "tree": "target"
          },
          {
            "name": "lava_eval",
            "package_key": "lava-eval-0.2.0-daecd5ce974d7a04ba72ef865ba97d838b14aee3",
            "kind": "normal",
            "features": [],
            "uses_default_features": true,
            "optional": false,
            "target": null,
            "tree": "target"
          },
          {
            "name": "regex",
            "package_key": "regex-1.13.1",
            "kind": "normal",
            "features": [],
            "uses_default_features": true,
            "optional": false,
            "target": null,
            "tree": "target"
          },
          {
            "name": "serde",
            "package_key": "serde-1.0.229",
            "kind": "normal",
            "features": [
              "derive"
            ],
            "uses_default_features": true,
            "optional": false,
            "target": null,
            "tree": "target"
          },
          {
            "name": "serde_json",
            "package_key": "serde_json-1.0.151",
            "kind": "normal",
            "features": [],
            "uses_default_features": true,
            "optional": false,
            "target": null,
            "tree": "target"
          },
          {
            "name": "thiserror",
            "package_key": "thiserror-2.0.19",
            "kind": "normal",
            "features": [],
            "uses_default_features": true,
            "optional": false,
            "target": null,
            "tree": "target"
          }
        ],
        "build_dependencies": [],
        "features": []
      },
      "lava-types-0.1.2": {
        "runtime_dependencies": [
          {
            "name": "serde",
            "package_key": "serde-1.0.229",
            "kind": "normal",
            "features": [
              "derive"
            ],
            "uses_default_features": true,
            "optional": false,
            "target": null,
            "tree": "target"
          },
          {
            "name": "thiserror",
            "package_key": "thiserror-2.0.19",
            "kind": "normal",
            "features": [],
            "uses_default_features": true,
            "optional": false,
            "target": null,
            "tree": "target"
          }
        ],
        "build_dependencies": [],
        "features": []
      },
      "memchr-2.8.3": {
        "runtime_dependencies": [],
        "build_dependencies": [],
        "features": [
          "alloc",
          "std"
        ]
      },
      "proc-macro2-1.0.107": {
        "runtime_dependencies": [
          {
            "name": "unicode_ident",
            "package_key": "unicode-ident-1.0.24",
            "kind": "normal",
            "features": [],
            "uses_default_features": true,
            "optional": false,
            "target": null,
            "tree": "target"
          }
        ],
        "build_dependencies": [],
        "features": [
          "default",
          "proc-macro"
        ]
      },
      "quote-1.0.47": {
        "runtime_dependencies": [
          {
            "name": "proc_macro2",
            "package_key": "proc-macro2-1.0.107",
            "kind": "normal",
            "features": [],
            "uses_default_features": false,
            "optional": false,
            "target": null,
            "tree": "target"
          }
        ],
        "build_dependencies": [],
        "features": [
          "default",
          "proc-macro"
        ]
      },
      "regex-1.13.1": {
        "runtime_dependencies": [
          {
            "name": "aho_corasick",
            "package_key": "aho-corasick-1.1.4",
            "kind": "normal",
            "features": [],
            "uses_default_features": false,
            "optional": true,
            "target": null,
            "tree": "target"
          },
          {
            "name": "memchr",
            "package_key": "memchr-2.8.3",
            "kind": "normal",
            "features": [],
            "uses_default_features": false,
            "optional": true,
            "target": null,
            "tree": "target"
          },
          {
            "name": "regex_automata",
            "package_key": "regex-automata-0.4.16",
            "kind": "normal",
            "features": [
              "alloc",
              "meta",
              "nfa-pikevm",
              "syntax"
            ],
            "uses_default_features": false,
            "optional": false,
            "target": null,
            "tree": "target"
          },
          {
            "name": "regex_syntax",
            "package_key": "regex-syntax-0.8.11",
            "kind": "normal",
            "features": [],
            "uses_default_features": false,
            "optional": false,
            "target": null,
            "tree": "target"
          }
        ],
        "build_dependencies": [],
        "features": [
          "default",
          "perf",
          "perf-backtrack",
          "perf-cache",
          "perf-dfa",
          "perf-inline",
          "perf-literal",
          "perf-onepass",
          "std",
          "unicode",
          "unicode-age",
          "unicode-bool",
          "unicode-case",
          "unicode-gencat",
          "unicode-perl",
          "unicode-script",
          "unicode-segment"
        ]
      },
      "regex-automata-0.4.16": {
        "runtime_dependencies": [
          {
            "name": "aho_corasick",
            "package_key": "aho-corasick-1.1.4",
            "kind": "normal",
            "features": [],
            "uses_default_features": false,
            "optional": true,
            "target": null,
            "tree": "target"
          },
          {
            "name": "memchr",
            "package_key": "memchr-2.8.3",
            "kind": "normal",
            "features": [],
            "uses_default_features": false,
            "optional": true,
            "target": null,
            "tree": "target"
          },
          {
            "name": "regex_syntax",
            "package_key": "regex-syntax-0.8.11",
            "kind": "normal",
            "features": [],
            "uses_default_features": false,
            "optional": true,
            "target": null,
            "tree": "target"
          }
        ],
        "build_dependencies": [],
        "features": [
          "alloc",
          "dfa-onepass",
          "hybrid",
          "meta",
          "nfa-backtrack",
          "nfa-pikevm",
          "nfa-thompson",
          "perf-inline",
          "perf-literal",
          "perf-literal-multisubstring",
          "perf-literal-substring",
          "std",
          "syntax",
          "unicode",
          "unicode-age",
          "unicode-bool",
          "unicode-case",
          "unicode-gencat",
          "unicode-perl",
          "unicode-script",
          "unicode-segment",
          "unicode-word-boundary"
        ]
      },
      "regex-syntax-0.8.11": {
        "runtime_dependencies": [],
        "build_dependencies": [],
        "features": [
          "default",
          "std",
          "unicode",
          "unicode-age",
          "unicode-bool",
          "unicode-case",
          "unicode-gencat",
          "unicode-perl",
          "unicode-script",
          "unicode-segment"
        ]
      },
      "ryu-1.0.23": {
        "runtime_dependencies": [],
        "build_dependencies": [],
        "features": []
      },
      "serde-1.0.229": {
        "runtime_dependencies": [
          {
            "name": "serde_core",
            "package_key": "serde_core-1.0.229",
            "kind": "normal",
            "features": [
              "result"
            ],
            "uses_default_features": false,
            "optional": false,
            "target": null,
            "tree": "target"
          },
          {
            "name": "serde_derive",
            "package_key": "serde_derive-1.0.229",
            "kind": "normal",
            "features": [],
            "uses_default_features": true,
            "optional": true,
            "target": null,
            "tree": "host"
          }
        ],
        "build_dependencies": [],
        "features": [
          "default",
          "derive",
          "serde_derive",
          "std"
        ]
      },
      "serde_core-1.0.229": {
        "runtime_dependencies": [],
        "build_dependencies": [],
        "features": [
          "result",
          "std"
        ]
      },
      "serde_derive-1.0.229": {
        "runtime_dependencies": [
          {
            "name": "proc_macro2",
            "package_key": "proc-macro2-1.0.107",
            "kind": "normal",
            "features": [
              "proc-macro"
            ],
            "uses_default_features": false,
            "optional": false,
            "target": null,
            "tree": "target"
          },
          {
            "name": "quote",
            "package_key": "quote-1.0.47",
            "kind": "normal",
            "features": [
              "proc-macro"
            ],
            "uses_default_features": false,
            "optional": false,
            "target": null,
            "tree": "target"
          },
          {
            "name": "syn",
            "package_key": "syn-3.0.3",
            "kind": "normal",
            "features": [
              "clone-impls",
              "derive",
              "parsing",
              "printing",
              "proc-macro"
            ],
            "uses_default_features": false,
            "optional": false,
            "target": null,
            "tree": "target"
          }
        ],
        "build_dependencies": [],
        "features": [
          "default"
        ]
      },
      "serde_json-1.0.151": {
        "runtime_dependencies": [
          {
            "name": "indexmap",
            "package_key": "indexmap-2.14.0",
            "kind": "normal",
            "features": [],
            "uses_default_features": true,
            "optional": true,
            "target": null,
            "tree": "target"
          },
          {
            "name": "itoa",
            "package_key": "itoa-1.0.18",
            "kind": "normal",
            "features": [],
            "uses_default_features": true,
            "optional": false,
            "target": null,
            "tree": "target"
          },
          {
            "name": "memchr",
            "package_key": "memchr-2.8.3",
            "kind": "normal",
            "features": [],
            "uses_default_features": false,
            "optional": false,
            "target": null,
            "tree": "target"
          },
          {
            "name": "serde_core",
            "package_key": "serde_core-1.0.229",
            "kind": "normal",
            "features": [],
            "uses_default_features": false,
            "optional": false,
            "target": null,
            "tree": "target"
          },
          {
            "name": "zmij",
            "package_key": "zmij-1.0.23",
            "kind": "normal",
            "features": [],
            "uses_default_features": true,
            "optional": false,
            "target": null,
            "tree": "target"
          }
        ],
        "build_dependencies": [],
        "features": [
          "default",
          "indexmap",
          "preserve_order",
          "std"
        ]
      },
      "serde_yaml-0.9.34+deprecated": {
        "runtime_dependencies": [
          {
            "name": "indexmap",
            "package_key": "indexmap-2.14.0",
            "kind": "normal",
            "features": [],
            "uses_default_features": true,
            "optional": false,
            "target": null,
            "tree": "target"
          },
          {
            "name": "itoa",
            "package_key": "itoa-1.0.18",
            "kind": "normal",
            "features": [],
            "uses_default_features": true,
            "optional": false,
            "target": null,
            "tree": "target"
          },
          {
            "name": "ryu",
            "package_key": "ryu-1.0.23",
            "kind": "normal",
            "features": [],
            "uses_default_features": true,
            "optional": false,
            "target": null,
            "tree": "target"
          },
          {
            "name": "serde",
            "package_key": "serde-1.0.229",
            "kind": "normal",
            "features": [],
            "uses_default_features": true,
            "optional": false,
            "target": null,
            "tree": "target"
          },
          {
            "name": "unsafe_libyaml",
            "package_key": "unsafe-libyaml-0.2.11",
            "kind": "normal",
            "features": [],
            "uses_default_features": true,
            "optional": false,
            "target": null,
            "tree": "target"
          }
        ],
        "build_dependencies": [],
        "features": []
      },
      "syn-3.0.3": {
        "runtime_dependencies": [
          {
            "name": "proc_macro2",
            "package_key": "proc-macro2-1.0.107",
            "kind": "normal",
            "features": [],
            "uses_default_features": false,
            "optional": false,
            "target": null,
            "tree": "target"
          },
          {
            "name": "quote",
            "package_key": "quote-1.0.47",
            "kind": "normal",
            "features": [],
            "uses_default_features": false,
            "optional": true,
            "target": null,
            "tree": "target"
          },
          {
            "name": "unicode_ident",
            "package_key": "unicode-ident-1.0.24",
            "kind": "normal",
            "features": [],
            "uses_default_features": true,
            "optional": false,
            "target": null,
            "tree": "target"
          }
        ],
        "build_dependencies": [],
        "features": [
          "clone-impls",
          "default",
          "derive",
          "parsing",
          "printing",
          "proc-macro"
        ]
      },
      "thiserror-2.0.19": {
        "runtime_dependencies": [
          {
            "name": "thiserror_impl",
            "package_key": "thiserror-impl-2.0.19",
            "kind": "normal",
            "features": [],
            "uses_default_features": true,
            "optional": false,
            "target": null,
            "tree": "host"
          }
        ],
        "build_dependencies": [],
        "features": [
          "default",
          "std"
        ]
      },
      "thiserror-impl-2.0.19": {
        "runtime_dependencies": [
          {
            "name": "proc_macro2",
            "package_key": "proc-macro2-1.0.107",
            "kind": "normal",
            "features": [],
            "uses_default_features": true,
            "optional": false,
            "target": null,
            "tree": "target"
          },
          {
            "name": "quote",
            "package_key": "quote-1.0.47",
            "kind": "normal",
            "features": [],
            "uses_default_features": true,
            "optional": false,
            "target": null,
            "tree": "target"
          },
          {
            "name": "syn",
            "package_key": "syn-3.0.3",
            "kind": "normal",
            "features": [],
            "uses_default_features": true,
            "optional": false,
            "target": null,
            "tree": "target"
          }
        ],
        "build_dependencies": [],
        "features": []
      },
      "unicode-ident-1.0.24": {
        "runtime_dependencies": [],
        "build_dependencies": [],
        "features": []
      },
      "unsafe-libyaml-0.2.11": {
        "runtime_dependencies": [],
        "build_dependencies": [],
        "features": []
      },
      "zmij-1.0.23": {
        "runtime_dependencies": [],
        "build_dependencies": [],
        "features": []
      }
    },
    "targets": {
      "aarch64-apple-darwin": {
        "overrides": {}
      },
      "aarch64-unknown-linux-gnu": {
        "overrides": {}
      },
      "aarch64-unknown-linux-musl": {
        "overrides": {}
      },
      "x86_64-apple-darwin": {
        "overrides": {}
      },
      "x86_64-unknown-linux-gnu": {
        "overrides": {}
      },
      "x86_64-unknown-linux-musl": {
        "overrides": {}
      }
    }
  },
  "per_crate": {
    "aho-corasick-1.1.4": {
      "edition": "2021"
    },
    "equivalent-1.0.2": {
      "edition": "2015"
    },
    "hashbrown-0.17.1": {
      "edition": "2024"
    },
    "indexmap-2.14.0": {
      "edition": "2024"
    },
    "itoa-1.0.18": {
      "edition": "2021"
    },
    "lava-arch-0.2.0-ecb9dedf799c5b9450d0224f7cc0f82ba28275da": {
      "edition": "2024",
      "lib_target": {
        "name": "lava_arch",
        "path": "src/lib.rs"
      }
    },
    "lava-architectures-0.2.0": {
      "edition": "2024",
      "lib_target": {
        "name": "lava_architectures",
        "path": "src/lib.rs"
      }
    },
    "lava-contracts-0.2.0-30aa367d54863fc7277a0a5563fccebc2cdae440": {
      "edition": "2024",
      "lib_target": {
        "name": "lava_contracts",
        "path": "src/lib.rs"
      }
    },
    "lava-core-0.2.1-ec464eae579d3190a25360c8fc38df9c1664647c": {
      "edition": "2024",
      "lib_target": {
        "name": "lava_core",
        "path": "src/lib.rs"
      }
    },
    "lava-eval-0.2.0-daecd5ce974d7a04ba72ef865ba97d838b14aee3": {
      "edition": "2024",
      "lib_target": {
        "name": "lava_eval",
        "path": "src/lib.rs"
      }
    },
    "lava-schema-0.1.7": {
      "edition": "2024"
    },
    "lava-test-0.2.0-092297bd5c9d10aff675d0e0f3b37c5934e4988d": {
      "edition": "2024",
      "lib_target": {
        "name": "lava_test",
        "path": "src/lib.rs"
      }
    },
    "lava-types-0.1.2": {
      "edition": "2024"
    },
    "memchr-2.8.3": {
      "edition": "2021"
    },
    "proc-macro2-1.0.107": {
      "edition": "2021",
      "build_script": "build.rs"
    },
    "quote-1.0.47": {
      "edition": "2021",
      "build_script": "build.rs"
    },
    "regex-1.13.1": {
      "edition": "2021"
    },
    "regex-automata-0.4.16": {
      "edition": "2021"
    },
    "regex-syntax-0.8.11": {
      "edition": "2021"
    },
    "ryu-1.0.23": {
      "edition": "2021"
    },
    "serde-1.0.229": {
      "edition": "2021",
      "build_script": "build.rs"
    },
    "serde_core-1.0.229": {
      "edition": "2021",
      "build_script": "build.rs"
    },
    "serde_derive-1.0.229": {
      "edition": "2021",
      "proc_macro": true
    },
    "serde_json-1.0.151": {
      "edition": "2021",
      "build_script": "build.rs"
    },
    "serde_yaml-0.9.34+deprecated": {
      "edition": "2021"
    },
    "syn-3.0.3": {
      "edition": "2021"
    },
    "thiserror-2.0.19": {
      "edition": "2021",
      "build_script": "build.rs"
    },
    "thiserror-impl-2.0.19": {
      "edition": "2021",
      "proc_macro": true
    },
    "unicode-ident-1.0.24": {
      "edition": "2021"
    },
    "unsafe-libyaml-0.2.11": {
      "edition": "2021",
      "binaries": [
        {
          "name": "run-emitter-test-suite",
          "path": "src/bin/run-emitter-test-suite.rs"
        },
        {
          "name": "run-parser-test-suite",
          "path": "src/bin/run-parser-test-suite.rs"
        }
      ]
    },
    "zmij-1.0.23": {
      "edition": "2021",
      "build_script": "build.rs"
    }
  },
  "git_nar_sha256": {
    "lava-arch-0.2.0-ecb9dedf799c5b9450d0224f7cc0f82ba28275da": "sha256-ktqhs0AUWCXbs9A/MR+xqVwe6CBE/PTeU3wfI+sFYjk=",
    "lava-contracts-0.2.0-30aa367d54863fc7277a0a5563fccebc2cdae440": "sha256-YP4rLnTMugH7iXCUIkTNi/zjg6rM3fz7GZK8kE+PA5Y=",
    "lava-core-0.2.1-ec464eae579d3190a25360c8fc38df9c1664647c": "sha256-hI8yfEqZH4ORnl7gVxtpNXE5XeInUSHggRNJOYTlT/o=",
    "lava-eval-0.2.0-daecd5ce974d7a04ba72ef865ba97d838b14aee3": "sha256-1Gr/8TboGZXdBpFdew9EXpn8L5Xd/kkkhoMl158l9CQ=",
    "lava-test-0.2.0-092297bd5c9d10aff675d0e0f3b37c5934e4988d": "sha256-wH1N/gl14GqTub9+vn9J7/35csK/QvcrCwiluxqhGdM="
  },
  "flake_metadata": {}
}
